
Microsoft Visual Studio Solution File, Format Version 12.00
# Visual Studio Version 16
VisualStudioVersion = 16.0.32228.343
MinimumVisualStudioVersion = 10.0.40219.1
Project("{FAE04EC0-301F-11D3-BF4B-00C04F79EFBC}") = "Task3.2", "Task3.2\Task3.2.csproj", "{BB3F3410-603E-4F08-9E0D-5BA635C719F9}"
EndProject
Global
	GlobalSection(SolutionConfigurationPlatforms) = preSolution
		Debug|Any CPU = Debug|Any CPU
		Release|Any CPU = Release|Any CPU
	EndGlobalSection
	GlobalSection(ProjectConfigurationPlatforms) = postSolution
		{BB3F3410-603E-4F08-9E0D-5BA635C719F9}.Debug|Any CPU.ActiveCfg = Debug|Any CPU
		{BB3F3410-603E-4F08-9E0D-5BA635C719F9}.Debug|Any CPU.Build.0 = Debug|Any CPU
		{BB3F3410-603E-4F08-9E0D-5BA635C719F9}.Release|Any CPU.ActiveCfg = Release|Any CPU
		{BB3F3410-603E-4F08-9E0D-5BA635C719F9}.Release|Any CPU.Build.0 = Release|Any CPU
	EndGlobalSection
	GlobalSection(SolutionProperties) = preSolution
		HideSolutionNode = FALSE
	EndGlobalSection
	GlobalSection(ExtensibilityGlobals) = postSolution
		SolutionGuid = {89C9DA71-3E2E-4B76-8205-1349934FDD37}
	EndGlobalSection
EndGlobal
